# Code generated by scarb DO NOT EDIT.
version = 1

[[package]]
name = "amd_tee_registry"
version = "0.1.0"
dependencies = [
 "snforge_std",
]

[[package]]
name = "deployment"
version = "0.1.0"
dependencies = [
 "amd_tee_registry",
 "katana_tee",
 "shell",
 "sncast_std",
 "snforge_std",
]

[[package]]
name = "katana_tee"
version = "0.1.0"
dependencies = [
 "amd_tee_registry",
 "snforge_std",
 "storage_commitment",
]

[[package]]
name = "oracle"
version = "1.0.0"
source = "registry+https://scarbs.xyz/"
checksum = "sha256:0439fafde693627d7c675fa7f7e38f062cbbe97dcb4ac99999b927e4a79690ee"

[[package]]
name = "shell"
version = "1.0.0"
source = "registry+https://scarbs.xyz/"
checksum = "sha256:5a7d2c7160c181689fb9b162169ceb9e5b2be062914ea7507fc2d1a98133b863"
dependencies = [
 "oracle",
]

[[package]]
name = "sncast_std"
version = "0.54.1"
source = "registry+https://scarbs.xyz/"
checksum = "sha256:a70a873aa0cca40322f9354bdf6e4f8fed010ca43985bfc7ef1b47e6d6ff7cdf"

[[package]]
name = "snforge_scarb_plugin"
version = "0.54.1"
source = "registry+https://scarbs.xyz/"
checksum = "sha256:5c754ba8c262633e60c2cd06710cb96604c8bf20595fe60965013fedd8a55df9"

[[package]]
name = "snforge_std"
version = "0.54.1"
source = "registry+https://scarbs.xyz/"
checksum = "sha256:e0532e6149ffc580e282d0774404e512a6814d477cd65529b91d5a09ac6e07d6"
dependencies = [
 "snforge_scarb_plugin",
]

[[package]]
name = "storage_commitment"
version = "0.1.0"
dependencies = [
 "snforge_std",
]
